
Microsoft Visual Studio Solution File, Format Version 12.00
# Visual Studio Version 16
VisualStudioVersion = 16.0.31729.503
MinimumVisualStudioVersion = 10.0.40219.1
Project("{FAE04EC0-301F-11D3-BF4B-00C04F79EFBC}") = "TestPictureDemo", "TestPictureDemo\TestPictureDemo\TestPictureDemo.csproj", "{0557B528-ACA6-4A29-9211-02707C953FCD}"
EndProject
Project("{FAE04EC0-301F-11D3-BF4B-00C04F79EFBC}") = "TestPictureDemo.Android", "TestPictureDemo\TestPictureDemo.Android\TestPictureDemo.Android.csproj", "{7A443EAC-02DD-43EB-B8F8-855A66552CF2}"
EndProject
Project("{FAE04EC0-301F-11D3-BF4B-00C04F79EFBC}") = "TestPictureDemo.iOS", "TestPictureDemo\TestPictureDemo.iOS\TestPictureDemo.iOS.csproj", "{99A3DE17-E0C7-4745-81D6-C3DAD2030168}"
EndProject
Global
	GlobalSection(SolutionConfigurationPlatforms) = preSolution
		Ad-Hoc|Any CPU = Ad-Hoc|Any CPU
		Ad-Hoc|iPhone = Ad-Hoc|iPhone
		Ad-Hoc|iPhoneSimulator = Ad-Hoc|iPhoneSimulator
		AppStore|Any CPU = AppStore|Any CPU
		AppStore|iPhone = AppStore|iPhone
		AppStore|iPhoneSimulator = AppStore|iPhoneSimulator
		Debug|Any CPU = Debug|Any CPU
		Debug|iPhone = Debug|iPhone
		Debug|iPhoneSimulator = Debug|iPhoneSimulator
		Release|Any CPU = Release|Any CPU
		Release|iPhone = Release|iPhone
		Release|iPhoneSimulator = Release|iPhoneSimulator
	EndGlobalSection
	GlobalSection(ProjectConfigurationPlatforms) = postSolution
		{0557B528-ACA6-4A29-9211-02707C953FCD}.Ad-Hoc|Any CPU.ActiveCfg = Debug|Any CPU
		{0557B528-ACA6-4A29-9211-02707C953FCD}.Ad-Hoc|Any CPU.Build.0 = Debug|Any CPU
		{0557B528-ACA6-4A29-9211-02707C953FCD}.Ad-Hoc|iPhone.ActiveCfg = Debug|Any CPU
		{0557B528-ACA6-4A29-9211-02707C953FCD}.Ad-Hoc|iPhone.Build.0 = Debug|Any CPU
		{0557B528-ACA6-4A29-9211-02707C953FCD}.Ad-Hoc|iPhoneSimulator.ActiveCfg = Debug|Any CPU
		{0557B528-ACA6-4A29-9211-02707C953FCD}.Ad-Hoc|iPhoneSimulator.Build.0 = Debug|Any CPU
		{0557B528-ACA6-4A29-9211-02707C953FCD}.AppStore|Any CPU.ActiveCfg = Debug|Any CPU
		{0557B528-ACA6-4A29-9211-02707C953FCD}.AppStore|Any CPU.Build.0 = Debug|Any CPU
		{0557B528-ACA6-4A29-9211-02707C953FCD}.AppStore|iPhone.ActiveCfg = Debug|Any CPU
		{0557B528-ACA6-4A29-9211-02707C953FCD}.AppStore|iPhone.Build.0 = Debug|Any CPU
		{0557B528-ACA6-4A29-9211-02707C953FCD}.AppStore|iPhoneSimulator.ActiveCfg = Debug|Any CPU
		{0557B528-ACA6-4A29-9211-02707C953FCD}.AppStore|iPhoneSimulator.Build.0 = Debug|Any CPU
		{0557B528-ACA6-4A29-9211-02707C953FCD}.Debug|Any CPU.ActiveCfg = Debug|Any CPU
		{0557B528-ACA6-4A29-9211-02707C953FCD}.Debug|Any CPU.Build.0 = Debug|Any CPU
		{0557B528-ACA6-4A29-9211-02707C953FCD}.Debug|iPhone.ActiveCfg = Debug|Any CPU
		{0557B528-ACA6-4A29-9211-02707C953FCD}.Debug|iPhone.Build.0 = Debug|Any CPU
		{0557B528-ACA6-4A29-9211-02707C953FCD}.Debug|iPhoneSimulator.ActiveCfg = Debug|Any CPU
		{0557B528-ACA6-4A29-9211-02707C953FCD}.Debug|iPhoneSimulator.Build.0 = Debug|Any CPU
		{0557B528-ACA6-4A29-9211-02707C953FCD}.Release|Any CPU.ActiveCfg = Release|Any CPU
		{0557B528-ACA6-4A29-9211-02707C953FCD}.Release|Any CPU.Build.0 = Release|Any CPU
		{0557B528-ACA6-4A29-9211-02707C953FCD}.Release|iPhone.ActiveCfg = Release|Any CPU
		{0557B528-ACA6-4A29-9211-02707C953FCD}.Release|iPhone.Build.0 = Release|Any CPU
		{0557B528-ACA6-4A29-9211-02707C953FCD}.Release|iPhoneSimulator.ActiveCfg = Release|Any CPU
		{0557B528-ACA6-4A29-9211-02707C953FCD}.Release|iPhoneSimulator.Build.0 = Release|Any CPU
		{7A443EAC-02DD-43EB-B8F8-855A66552CF2}.Ad-Hoc|Any CPU.ActiveCfg = Debug|Any CPU
		{7A443EAC-02DD-43EB-B8F8-855A66552CF2}.Ad-Hoc|Any CPU.Build.0 = Debug|Any CPU
		{7A443EAC-02DD-43EB-B8F8-855A66552CF2}.Ad-Hoc|Any CPU.Deploy.0 = Debug|Any CPU
		{7A443EAC-02DD-43EB-B8F8-855A66552CF2}.Ad-Hoc|iPhone.ActiveCfg = Debug|Any CPU
		{7A443EAC-02DD-43EB-B8F8-855A66552CF2}.Ad-Hoc|iPhone.Build.0 = Debug|Any CPU
		{7A443EAC-02DD-43EB-B8F8-855A66552CF2}.Ad-Hoc|iPhone.Deploy.0 = Debug|Any CPU
		{7A443EAC-02DD-43EB-B8F8-855A66552CF2}.Ad-Hoc|iPhoneSimulator.ActiveCfg = Debug|Any CPU
		{7A443EAC-02DD-43EB-B8F8-855A66552CF2}.Ad-Hoc|iPhoneSimulator.Build.0 = Debug|Any CPU
		{7A443EAC-02DD-43EB-B8F8-855A66552CF2}.Ad-Hoc|iPhoneSimulator.Deploy.0 = Debug|Any CPU
		{7A443EAC-02DD-43EB-B8F8-855A66552CF2}.AppStore|Any CPU.ActiveCfg = Debug|Any CPU
		{7A443EAC-02DD-43EB-B8F8-855A66552CF2}.AppStore|Any CPU.Build.0 = Debug|Any CPU
		{7A443EAC-02DD-43EB-B8F8-855A66552CF2}.AppStore|Any CPU.Deploy.0 = Debug|Any CPU
		{7A443EAC-02DD-43EB-B8F8-855A66552CF2}.AppStore|iPhone.ActiveCfg = Debug|Any CPU
		{7A443EAC-02DD-43EB-B8F8-855A66552CF2}.AppStore|iPhone.Build.0 = Debug|Any CPU
		{7A443EAC-02DD-43EB-B8F8-855A66552CF2}.AppStore|iPhone.Deploy.0 = Debug|Any CPU
		{7A443EAC-02DD-43EB-B8F8-855A66552CF2}.AppStore|iPhoneSimulator.ActiveCfg = Debug|Any CPU
		{7A443EAC-02DD-43EB-B8F8-855A66552CF2}.AppStore|iPhoneSimulator.Build.0 = Debug|Any CPU
		{7A443EAC-02DD-43EB-B8F8-855A66552CF2}.AppStore|iPhoneSimulator.Deploy.0 = Debug|Any CPU
		{7A443EAC-02DD-43EB-B8F8-855A66552CF2}.Debug|Any CPU.ActiveCfg = Debug|Any CPU
		{7A443EAC-02DD-43EB-B8F8-855A66552CF2}.Debug|Any CPU.Build.0 = Debug|Any CPU
		{7A443EAC-02DD-43EB-B8F8-855A66552CF2}.Debug|Any CPU.Deploy.0 = Debug|Any CPU
		{7A443EAC-02DD-43EB-B8F8-855A66552CF2}.Debug|iPhone.ActiveCfg = Debug|Any CPU
		{7A443EAC-02DD-43EB-B8F8-855A66552CF2}.Debug|iPhone.Build.0 = Debug|Any CPU
		{7A443EAC-02DD-43EB-B8F8-855A66552CF2}.Debug|iPhone.Deploy.0 = Debug|Any CPU
		{7A443EAC-02DD-43EB-B8F8-855A66552CF2}.Debug|iPhoneSimulator.ActiveCfg = Debug|Any CPU
		{7A443EAC-02DD-43EB-B8F8-855A66552CF2}.Debug|iPhoneSimulator.Build.0 = Debug|Any CPU
		{7A443EAC-02DD-43EB-B8F8-855A66552CF2}.Debug|iPhoneSimulator.Deploy.0 = Debug|Any CPU
		{7A443EAC-02DD-43EB-B8F8-855A66552CF2}.Release|Any CPU.ActiveCfg = Release|Any CPU
		{7A443EAC-02DD-43EB-B8F8-855A66552CF2}.Release|Any CPU.Build.0 = Release|Any CPU
		{7A443EAC-02DD-43EB-B8F8-855A66552CF2}.Release|Any CPU.Deploy.0 = Release|Any CPU
		{7A443EAC-02DD-43EB-B8F8-855A66552CF2}.Release|iPhone.ActiveCfg = Release|Any CPU
		{7A443EAC-02DD-43EB-B8F8-855A66552CF2}.Release|iPhone.Build.0 = Release|Any CPU
		{7A443EAC-02DD-43EB-B8F8-855A66552CF2}.Release|iPhone.Deploy.0 = Release|Any CPU
		{7A443EAC-02DD-43EB-B8F8-855A66552CF2}.Release|iPhoneSimulator.ActiveCfg = Release|Any CPU
		{7A443EAC-02DD-43EB-B8F8-855A66552CF2}.Release|iPhoneSimulator.Build.0 = Release|Any CPU
		{7A443EAC-02DD-43EB-B8F8-855A66552CF2}.Release|iPhoneSimulator.Deploy.0 = Release|Any CPU
		{99A3DE17-E0C7-4745-81D6-C3DAD2030168}.Ad-Hoc|Any CPU.ActiveCfg = Ad-Hoc|iPhoneSimulator
		{99A3DE17-E0C7-4745-81D6-C3DAD2030168}.Ad-Hoc|iPhone.ActiveCfg = Ad-Hoc|iPhone
		{99A3DE17-E0C7-4745-81D6-C3DAD2030168}.Ad-Hoc|iPhone.Build.0 = Ad-Hoc|iPhone
		{99A3DE17-E0C7-4745-81D6-C3DAD2030168}.Ad-Hoc|iPhoneSimulator.ActiveCfg = Ad-Hoc|iPhoneSimulator
		{99A3DE17-E0C7-4745-81D6-C3DAD2030168}.Ad-Hoc|iPhoneSimulator.Build.0 = Ad-Hoc|iPhoneSimulator
		{99A3DE17-E0C7-4745-81D6-C3DAD2030168}.AppStore|Any CPU.ActiveCfg = AppStore|iPhoneSimulator
		{99A3DE17-E0C7-4745-81D6-C3DAD2030168}.AppStore|iPhone.ActiveCfg = AppStore|iPhone
		{99A3DE17-E0C7-4745-81D6-C3DAD2030168}.AppStore|iPhone.Build.0 = AppStore|iPhone
		{99A3DE17-E0C7-4745-81D6-C3DAD2030168}.AppStore|iPhoneSimulator.ActiveCfg = AppStore|iPhoneSimulator
		{99A3DE17-E0C7-4745-81D6-C3DAD2030168}.AppStore|iPhoneSimulator.Build.0 = AppStore|iPhoneSimulator
		{99A3DE17-E0C7-4745-81D6-C3DAD2030168}.Debug|Any CPU.ActiveCfg = Debug|iPhoneSimulator
		{99A3DE17-E0C7-4745-81D6-C3DAD2030168}.Debug|iPhone.ActiveCfg = Debug|iPhone
		{99A3DE17-E0C7-4745-81D6-C3DAD2030168}.Debug|iPhone.Build.0 = Debug|iPhone
		{99A3DE17-E0C7-4745-81D6-C3DAD2030168}.Debug|iPhoneSimulator.ActiveCfg = Debug|iPhoneSimulator
		{99A3DE17-E0C7-4745-81D6-C3DAD2030168}.Debug|iPhoneSimulator.Build.0 = Debug|iPhoneSimulator
		{99A3DE17-E0C7-4745-81D6-C3DAD2030168}.Release|Any CPU.ActiveCfg = Release|iPhoneSimulator
		{99A3DE17-E0C7-4745-81D6-C3DAD2030168}.Release|iPhone.ActiveCfg = Release|iPhone
		{99A3DE17-E0C7-4745-81D6-C3DAD2030168}.Release|iPhone.Build.0 = Release|iPhone
		{99A3DE17-E0C7-4745-81D6-C3DAD2030168}.Release|iPhoneSimulator.ActiveCfg = Release|iPhoneSimulator
		{99A3DE17-E0C7-4745-81D6-C3DAD2030168}.Release|iPhoneSimulator.Build.0 = Release|iPhoneSimulator
	EndGlobalSection
	GlobalSection(SolutionProperties) = preSolution
		HideSolutionNode = FALSE
	EndGlobalSection
	GlobalSection(ExtensibilityGlobals) = postSolution
		SolutionGuid = {F499E7B2-DB68-454B-AE21-155A68A46E2D}
	EndGlobalSection
EndGlobal
